
Microsoft Visual Studio Solution File, Format Version 12.00
# Visual Studio 15
Project("{FAE04EC0-301F-11D3-BF4B-00C04F79EFBC}") = "Assembly-CSharp", "Assembly-CSharp.csproj", "{69110383-0124-522C-2B61-E31D87CC9968}"
EndProject
Global
	GlobalSection(SolutionConfigurationPlatforms) = preSolution
		Debug|Any CPU = Debug|Any CPU
		Release|Any CPU = Release|Any CPU
	EndGlobalSection
	GlobalSection(ProjectConfigurationPlatforms) = postSolution
		{69110383-0124-522C-2B61-E31D87CC9968}.Debug|Any CPU.ActiveCfg = Debug|Any CPU
		{69110383-0124-522C-2B61-E31D87CC9968}.Debug|Any CPU.Build.0 = Debug|Any CPU
		{69110383-0124-522C-2B61-E31D87CC9968}.Release|Any CPU.ActiveCfg = Release|Any CPU
		{69110383-0124-522C-2B61-E31D87CC9968}.Release|Any CPU.Build.0 = Release|Any CPU
	EndGlobalSection
	GlobalSection(SolutionProperties) = preSolution
		HideSolutionNode = FALSE
	EndGlobalSection
EndGlobal
